
Microsoft Visual Studio Solution File, Format Version 12.00
# Visual Studio 15
VisualStudioVersion = 15.0.26228.9
MinimumVisualStudioVersion = 10.0.40219.1
Project("{D954291E-2A0B-460D-934E-DC6B0785DB48}") = "HungryApp", "HungryApp\HungryApp\HungryApp.shproj", "{61B4519D-5336-42E5-BE10-7486AF801448}"
EndProject
Project("{FAE04EC0-301F-11D3-BF4B-00C04F79EFBC}") = "HungryApp.Android", "HungryApp\HungryApp.Android\HungryApp.Android.csproj", "{2285EAD9-00F3-4A64-B39C-DE4A0581A118}"
EndProject
Project("{FAE04EC0-301F-11D3-BF4B-00C04F79EFBC}") = "HungryApp.iOS", "HungryApp\HungryApp.iOS\HungryApp.iOS.csproj", "{95E6E9B9-CDA9-4675-96FD-7EBD8489D6C8}"
EndProject
Project("{FAE04EC0-301F-11D3-BF4B-00C04F79EFBC}") = "HungryApp.UWP", "HungryApp\HungryApp.UWP\HungryApp.UWP.csproj", "{233CED0F-AB86-46BC-A3B1-0D46E9BEC06F}"
EndProject
Global
	GlobalSection(SharedMSBuildProjectFiles) = preSolution
		HungryApp\HungryApp\HungryApp.projitems*{2285ead9-00f3-4a64-b39c-de4a0581a118}*SharedItemsImports = 4
		HungryApp\HungryApp\HungryApp.projitems*{233ced0f-ab86-46bc-a3b1-0d46e9bec06f}*SharedItemsImports = 4
		HungryApp\HungryApp\HungryApp.projitems*{61b4519d-5336-42e5-be10-7486af801448}*SharedItemsImports = 13
		HungryApp\HungryApp\HungryApp.projitems*{95e6e9b9-cda9-4675-96fd-7ebd8489d6c8}*SharedItemsImports = 4
	EndGlobalSection
	GlobalSection(SolutionConfigurationPlatforms) = preSolution
		Ad-Hoc|Any CPU = Ad-Hoc|Any CPU
		Ad-Hoc|ARM = Ad-Hoc|ARM
		Ad-Hoc|iPhone = Ad-Hoc|iPhone
		Ad-Hoc|iPhoneSimulator = Ad-Hoc|iPhoneSimulator
		Ad-Hoc|x64 = Ad-Hoc|x64
		Ad-Hoc|x86 = Ad-Hoc|x86
		AppStore|Any CPU = AppStore|Any CPU
		AppStore|ARM = AppStore|ARM
		AppStore|iPhone = AppStore|iPhone
		AppStore|iPhoneSimulator = AppStore|iPhoneSimulator
		AppStore|x64 = AppStore|x64
		AppStore|x86 = AppStore|x86
		Debug|Any CPU = Debug|Any CPU
		Debug|ARM = Debug|ARM
		Debug|iPhone = Debug|iPhone
		Debug|iPhoneSimulator = Debug|iPhoneSimulator
		Debug|x64 = Debug|x64
		Debug|x86 = Debug|x86
		Release|Any CPU = Release|Any CPU
		Release|ARM = Release|ARM
		Release|iPhone = Release|iPhone
		Release|iPhoneSimulator = Release|iPhoneSimulator
		Release|x64 = Release|x64
		Release|x86 = Release|x86
	EndGlobalSection
	GlobalSection(ProjectConfigurationPlatforms) = postSolution
		{2285EAD9-00F3-4A64-B39C-DE4A0581A118}.Ad-Hoc|Any CPU.ActiveCfg = Release|Any CPU
		{2285EAD9-00F3-4A64-B39C-DE4A0581A118}.Ad-Hoc|Any CPU.Build.0 = Release|Any CPU
		{2285EAD9-00F3-4A64-B39C-DE4A0581A118}.Ad-Hoc|Any CPU.Deploy.0 = Release|Any CPU
		{2285EAD9-00F3-4A64-B39C-DE4A0581A118}.Ad-Hoc|ARM.ActiveCfg = Release|Any CPU
		{2285EAD9-00F3-4A64-B39C-DE4A0581A118}.Ad-Hoc|ARM.Build.0 = Release|Any CPU
		{2285EAD9-00F3-4A64-B39C-DE4A0581A118}.Ad-Hoc|ARM.Deploy.0 = Release|Any CPU
		{2285EAD9-00F3-4A64-B39C-DE4A0581A118}.Ad-Hoc|iPhone.ActiveCfg = Release|Any CPU
		{2285EAD9-00F3-4A64-B39C-DE4A0581A118}.Ad-Hoc|iPhone.Build.0 = Release|Any CPU
		{2285EAD9-00F3-4A64-B39C-DE4A0581A118}.Ad-Hoc|iPhone.Deploy.0 = Release|Any CPU
		{2285EAD9-00F3-4A64-B39C-DE4A0581A118}.Ad-Hoc|iPhoneSimulator.ActiveCfg = Release|Any CPU
		{2285EAD9-00F3-4A64-B39C-DE4A0581A118}.Ad-Hoc|iPhoneSimulator.Build.0 = Release|Any CPU
		{2285EAD9-00F3-4A64-B39C-DE4A0581A118}.Ad-Hoc|iPhoneSimulator.Deploy.0 = Release|Any CPU
		{2285EAD9-00F3-4A64-B39C-DE4A0581A118}.Ad-Hoc|x64.ActiveCfg = Release|Any CPU
		{2285EAD9-00F3-4A64-B39C-DE4A0581A118}.Ad-Hoc|x64.Build.0 = Release|Any CPU
		{2285EAD9-00F3-4A64-B39C-DE4A0581A118}.Ad-Hoc|x64.Deploy.0 = Release|Any CPU
		{2285EAD9-00F3-4A64-B39C-DE4A0581A118}.Ad-Hoc|x86.ActiveCfg = Release|Any CPU
		{2285EAD9-00F3-4A64-B39C-DE4A0581A118}.Ad-Hoc|x86.Build.0 = Release|Any CPU
		{2285EAD9-00F3-4A64-B39C-DE4A0581A118}.Ad-Hoc|x86.Deploy.0 = Release|Any CPU
		{2285EAD9-00F3-4A64-B39C-DE4A0581A118}.AppStore|Any CPU.ActiveCfg = Release|Any CPU
		{2285EAD9-00F3-4A64-B39C-DE4A0581A118}.AppStore|Any CPU.Build.0 = Release|Any CPU
		{2285EAD9-00F3-4A64-B39C-DE4A0581A118}.AppStore|Any CPU.Deploy.0 = Release|Any CPU
		{2285EAD9-00F3-4A64-B39C-DE4A0581A118}.AppStore|ARM.ActiveCfg = Release|Any CPU
		{2285EAD9-00F3-4A64-B39C-DE4A0581A118}.AppStore|ARM.Build.0 = Release|Any CPU
		{2285EAD9-00F3-4A64-B39C-DE4A0581A118}.AppStore|ARM.Deploy.0 = Release|Any CPU
		{2285EAD9-00F3-4A64-B39C-DE4A0581A118}.AppStore|iPhone.ActiveCfg = Release|Any CPU
		{2285EAD9-00F3-4A64-B39C-DE4A0581A118}.AppStore|iPhone.Build.0 = Release|Any CPU
		{2285EAD9-00F3-4A64-B39C-DE4A0581A118}.AppStore|iPhone.Deploy.0 = Release|Any CPU
		{2285EAD9-00F3-4A64-B39C-DE4A0581A118}.AppStore|iPhoneSimulator.ActiveCfg = Release|Any CPU
		{2285EAD9-00F3-4A64-B39C-DE4A0581A118}.AppStore|iPhoneSimulator.Build.0 = Release|Any CPU
		{2285EAD9-00F3-4A64-B39C-DE4A0581A118}.AppStore|iPhoneSimulator.Deploy.0 = Release|Any CPU
		{2285EAD9-00F3-4A64-B39C-DE4A0581A118}.AppStore|x64.ActiveCfg = Release|Any CPU
		{2285EAD9-00F3-4A64-B39C-DE4A0581A118}.AppStore|x64.Build.0 = Release|Any CPU
		{2285EAD9-00F3-4A64-B39C-DE4A0581A118}.AppStore|x64.Deploy.0 = Release|Any CPU
		{2285EAD9-00F3-4A64-B39C-DE4A0581A118}.AppStore|x86.ActiveCfg = Release|Any CPU
		{2285EAD9-00F3-4A64-B39C-DE4A0581A118}.AppStore|x86.Build.0 = Release|Any CPU
		{2285EAD9-00F3-4A64-B39C-DE4A0581A118}.AppStore|x86.Deploy.0 = Release|Any CPU
		{2285EAD9-00F3-4A64-B39C-DE4A0581A118}.Debug|Any CPU.ActiveCfg = Debug|Any CPU
		{2285EAD9-00F3-4A64-B39C-DE4A0581A118}.Debug|Any CPU.Build.0 = Debug|Any CPU
		{2285EAD9-00F3-4A64-B39C-DE4A0581A118}.Debug|Any CPU.Deploy.0 = Debug|Any CPU
		{2285EAD9-00F3-4A64-B39C-DE4A0581A118}.Debug|ARM.ActiveCfg = Debug|Any CPU
		{2285EAD9-00F3-4A64-B39C-DE4A0581A118}.Debug|ARM.Build.0 = Debug|Any CPU
		{2285EAD9-00F3-4A64-B39C-DE4A0581A118}.Debug|ARM.Deploy.0 = Debug|Any CPU
		{2285EAD9-00F3-4A64-B39C-DE4A0581A118}.Debug|iPhone.ActiveCfg = Debug|Any CPU
		{2285EAD9-00F3-4A64-B39C-DE4A0581A118}.Debug|iPhone.Build.0 = Debug|Any CPU
		{2285EAD9-00F3-4A64-B39C-DE4A0581A118}.Debug|iPhone.Deploy.0 = Debug|Any CPU
		{2285EAD9-00F3-4A64-B39C-DE4A0581A118}.Debug|iPhoneSimulator.ActiveCfg = Debug|Any CPU
		{2285EAD9-00F3-4A64-B39C-DE4A0581A118}.Debug|iPhoneSimulator.Build.0 = Debug|Any CPU
		{2285EAD9-00F3-4A64-B39C-DE4A0581A118}.Debug|iPhoneSimulator.Deploy.0 = Debug|Any CPU
		{2285EAD9-00F3-4A64-B39C-DE4A0581A118}.Debug|x64.ActiveCfg = Debug|Any CPU
		{2285EAD9-00F3-4A64-B39C-DE4A0581A118}.Debug|x64.Build.0 = Debug|Any CPU
		{2285EAD9-00F3-4A64-B39C-DE4A0581A118}.Debug|x64.Deploy.0 = Debug|Any CPU
		{2285EAD9-00F3-4A64-B39C-DE4A0581A118}.Debug|x86.ActiveCfg = Debug|Any CPU
		{2285EAD9-00F3-4A64-B39C-DE4A0581A118}.Debug|x86.Build.0 = Debug|Any CPU
		{2285EAD9-00F3-4A64-B39C-DE4A0581A118}.Debug|x86.Deploy.0 = Debug|Any CPU
		{2285EAD9-00F3-4A64-B39C-DE4A0581A118}.Release|Any CPU.ActiveCfg = Release|Any CPU
		{2285EAD9-00F3-4A64-B39C-DE4A0581A118}.Release|Any CPU.Build.0 = Release|Any CPU
		{2285EAD9-00F3-4A64-B39C-DE4A0581A118}.Release|Any CPU.Deploy.0 = Release|Any CPU
		{2285EAD9-00F3-4A64-B39C-DE4A0581A118}.Release|ARM.ActiveCfg = Release|Any CPU
		{2285EAD9-00F3-4A64-B39C-DE4A0581A118}.Release|ARM.Build.0 = Release|Any CPU
		{2285EAD9-00F3-4A64-B39C-DE4A0581A118}.Release|ARM.Deploy.0 = Release|Any CPU
		{2285EAD9-00F3-4A64-B39C-DE4A0581A118}.Release|iPhone.ActiveCfg = Release|Any CPU
		{2285EAD9-00F3-4A64-B39C-DE4A0581A118}.Release|iPhone.Build.0 = Release|Any CPU
		{2285EAD9-00F3-4A64-B39C-DE4A0581A118}.Release|iPhone.Deploy.0 = Release|Any CPU
		{2285EAD9-00F3-4A64-B39C-DE4A0581A118}.Release|iPhoneSimulator.ActiveCfg = Release|Any CPU
		{2285EAD9-00F3-4A64-B39C-DE4A0581A118}.Release|iPhoneSimulator.Build.0 = Release|Any CPU
		{2285EAD9-00F3-4A64-B39C-DE4A0581A118}.Release|iPhoneSimulator.Deploy.0 = Release|Any CPU
		{2285EAD9-00F3-4A64-B39C-DE4A0581A118}.Release|x64.ActiveCfg = Release|Any CPU
		{2285EAD9-00F3-4A64-B39C-DE4A0581A118}.Release|x64.Build.0 = Release|Any CPU
		{2285EAD9-00F3-4A64-B39C-DE4A0581A118}.Release|x64.Deploy.0 = Release|Any CPU
		{2285EAD9-00F3-4A64-B39C-DE4A0581A118}.Release|x86.ActiveCfg = Release|Any CPU
		{2285EAD9-00F3-4A64-B39C-DE4A0581A118}.Release|x86.Build.0 = Release|Any CPU
		{2285EAD9-00F3-4A64-B39C-DE4A0581A118}.Release|x86.Deploy.0 = Release|Any CPU
		{95E6E9B9-CDA9-4675-96FD-7EBD8489D6C8}.Ad-Hoc|Any CPU.ActiveCfg = Ad-Hoc|iPhone
		{95E6E9B9-CDA9-4675-96FD-7EBD8489D6C8}.Ad-Hoc|ARM.ActiveCfg = Ad-Hoc|iPhone
		{95E6E9B9-CDA9-4675-96FD-7EBD8489D6C8}.Ad-Hoc|iPhone.ActiveCfg = Ad-Hoc|iPhone
		{95E6E9B9-CDA9-4675-96FD-7EBD8489D6C8}.Ad-Hoc|iPhone.Build.0 = Ad-Hoc|iPhone
		{95E6E9B9-CDA9-4675-96FD-7EBD8489D6C8}.Ad-Hoc|iPhoneSimulator.ActiveCfg = Ad-Hoc|iPhoneSimulator
		{95E6E9B9-CDA9-4675-96FD-7EBD8489D6C8}.Ad-Hoc|iPhoneSimulator.Build.0 = Ad-Hoc|iPhoneSimulator
		{95E6E9B9-CDA9-4675-96FD-7EBD8489D6C8}.Ad-Hoc|x64.ActiveCfg = Ad-Hoc|iPhone
		{95E6E9B9-CDA9-4675-96FD-7EBD8489D6C8}.Ad-Hoc|x86.ActiveCfg = Ad-Hoc|iPhone
		{95E6E9B9-CDA9-4675-96FD-7EBD8489D6C8}.AppStore|Any CPU.ActiveCfg = AppStore|iPhone
		{95E6E9B9-CDA9-4675-96FD-7EBD8489D6C8}.AppStore|ARM.ActiveCfg = AppStore|iPhone
		{95E6E9B9-CDA9-4675-96FD-7EBD8489D6C8}.AppStore|iPhone.ActiveCfg = AppStore|iPhone
		{95E6E9B9-CDA9-4675-96FD-7EBD8489D6C8}.AppStore|iPhone.Build.0 = AppStore|iPhone
		{95E6E9B9-CDA9-4675-96FD-7EBD8489D6C8}.AppStore|iPhoneSimulator.ActiveCfg = AppStore|iPhoneSimulator
		{95E6E9B9-CDA9-4675-96FD-7EBD8489D6C8}.AppStore|iPhoneSimulator.Build.0 = AppStore|iPhoneSimulator
		{95E6E9B9-CDA9-4675-96FD-7EBD8489D6C8}.AppStore|x64.ActiveCfg = AppStore|iPhone
		{95E6E9B9-CDA9-4675-96FD-7EBD8489D6C8}.AppStore|x86.ActiveCfg = AppStore|iPhone
		{95E6E9B9-CDA9-4675-96FD-7EBD8489D6C8}.Debug|Any CPU.ActiveCfg = Debug|iPhone
		{95E6E9B9-CDA9-4675-96FD-7EBD8489D6C8}.Debug|ARM.ActiveCfg = Debug|iPhone
		{95E6E9B9-CDA9-4675-96FD-7EBD8489D6C8}.Debug|iPhone.ActiveCfg = Debug|iPhone
		{95E6E9B9-CDA9-4675-96FD-7EBD8489D6C8}.Debug|iPhone.Build.0 = Debug|iPhone
		{95E6E9B9-CDA9-4675-96FD-7EBD8489D6C8}.Debug|iPhoneSimulator.ActiveCfg = Debug|iPhoneSimulator
		{95E6E9B9-CDA9-4675-96FD-7EBD8489D6C8}.Debug|iPhoneSimulator.Build.0 = Debug|iPhoneSimulator
		{95E6E9B9-CDA9-4675-96FD-7EBD8489D6C8}.Debug|x64.ActiveCfg = Debug|iPhone
		{95E6E9B9-CDA9-4675-96FD-7EBD8489D6C8}.Debug|x86.ActiveCfg = Debug|iPhone
		{95E6E9B9-CDA9-4675-96FD-7EBD8489D6C8}.Release|Any CPU.ActiveCfg = Release|iPhone
		{95E6E9B9-CDA9-4675-96FD-7EBD8489D6C8}.Release|ARM.ActiveCfg = Release|iPhone
		{95E6E9B9-CDA9-4675-96FD-7EBD8489D6C8}.Release|iPhone.ActiveCfg = Release|iPhone
		{95E6E9B9-CDA9-4675-96FD-7EBD8489D6C8}.Release|iPhone.Build.0 = Release|iPhone
		{95E6E9B9-CDA9-4675-96FD-7EBD8489D6C8}.Release|iPhoneSimulator.ActiveCfg = Release|iPhoneSimulator
		{95E6E9B9-CDA9-4675-96FD-7EBD8489D6C8}.Release|iPhoneSimulator.Build.0 = Release|iPhoneSimulator
		{95E6E9B9-CDA9-4675-96FD-7EBD8489D6C8}.Release|x64.ActiveCfg = Release|iPhone
		{95E6E9B9-CDA9-4675-96FD-7EBD8489D6C8}.Release|x86.ActiveCfg = Release|iPhone
		{233CED0F-AB86-46BC-A3B1-0D46E9BEC06F}.Ad-Hoc|Any CPU.ActiveCfg = Release|x86
		{233CED0F-AB86-46BC-A3B1-0D46E9BEC06F}.Ad-Hoc|Any CPU.Build.0 = Release|x86
		{233CED0F-AB86-46BC-A3B1-0D46E9BEC06F}.Ad-Hoc|Any CPU.Deploy.0 = Release|x86
		{233CED0F-AB86-46BC-A3B1-0D46E9BEC06F}.Ad-Hoc|ARM.ActiveCfg = Release|ARM
		{233CED0F-AB86-46BC-A3B1-0D46E9BEC06F}.Ad-Hoc|ARM.Build.0 = Release|ARM
		{233CED0F-AB86-46BC-A3B1-0D46E9BEC06F}.Ad-Hoc|ARM.Deploy.0 = Release|ARM
		{233CED0F-AB86-46BC-A3B1-0D46E9BEC06F}.Ad-Hoc|iPhone.ActiveCfg = Release|x86
		{233CED0F-AB86-46BC-A3B1-0D46E9BEC06F}.Ad-Hoc|iPhone.Build.0 = Release|x86
		{233CED0F-AB86-46BC-A3B1-0D46E9BEC06F}.Ad-Hoc|iPhone.Deploy.0 = Release|x86
		{233CED0F-AB86-46BC-A3B1-0D46E9BEC06F}.Ad-Hoc|iPhoneSimulator.ActiveCfg = Release|x86
		{233CED0F-AB86-46BC-A3B1-0D46E9BEC06F}.Ad-Hoc|iPhoneSimulator.Build.0 = Release|x86
		{233CED0F-AB86-46BC-A3B1-0D46E9BEC06F}.Ad-Hoc|iPhoneSimulator.Deploy.0 = Release|x86
		{233CED0F-AB86-46BC-A3B1-0D46E9BEC06F}.Ad-Hoc|x64.ActiveCfg = Release|x64
		{233CED0F-AB86-46BC-A3B1-0D46E9BEC06F}.Ad-Hoc|x64.Build.0 = Release|x64
		{233CED0F-AB86-46BC-A3B1-0D46E9BEC06F}.Ad-Hoc|x64.Deploy.0 = Release|x64
		{233CED0F-AB86-46BC-A3B1-0D46E9BEC06F}.Ad-Hoc|x86.ActiveCfg = Release|x86
		{233CED0F-AB86-46BC-A3B1-0D46E9BEC06F}.Ad-Hoc|x86.Build.0 = Release|x86
		{233CED0F-AB86-46BC-A3B1-0D46E9BEC06F}.Ad-Hoc|x86.Deploy.0 = Release|x86
		{233CED0F-AB86-46BC-A3B1-0D46E9BEC06F}.AppStore|Any CPU.ActiveCfg = Release|x86
		{233CED0F-AB86-46BC-A3B1-0D46E9BEC06F}.AppStore|Any CPU.Build.0 = Release|x86
		{233CED0F-AB86-46BC-A3B1-0D46E9BEC06F}.AppStore|Any CPU.Deploy.0 = Release|x86
		{233CED0F-AB86-46BC-A3B1-0D46E9BEC06F}.AppStore|ARM.ActiveCfg = Release|ARM
		{233CED0F-AB86-46BC-A3B1-0D46E9BEC06F}.AppStore|ARM.Build.0 = Release|ARM
		{233CED0F-AB86-46BC-A3B1-0D46E9BEC06F}.AppStore|ARM.Deploy.0 = Release|ARM
		{233CED0F-AB86-46BC-A3B1-0D46E9BEC06F}.AppStore|iPhone.ActiveCfg = Release|x86
		{233CED0F-AB86-46BC-A3B1-0D46E9BEC06F}.AppStore|iPhone.Build.0 = Release|x86
		{233CED0F-AB86-46BC-A3B1-0D46E9BEC06F}.AppStore|iPhone.Deploy.0 = Release|x86
		{233CED0F-AB86-46BC-A3B1-0D46E9BEC06F}.AppStore|iPhoneSimulator.ActiveCfg = Release|x86
		{233CED0F-AB86-46BC-A3B1-0D46E9BEC06F}.AppStore|iPhoneSimulator.Build.0 = Release|x86
		{233CED0F-AB86-46BC-A3B1-0D46E9BEC06F}.AppStore|iPhoneSimulator.Deploy.0 = Release|x86
		{233CED0F-AB86-46BC-A3B1-0D46E9BEC06F}.AppStore|x64.ActiveCfg = Release|x64
		{233CED0F-AB86-46BC-A3B1-0D46E9BEC06F}.AppStore|x64.Build.0 = Release|x64
		{233CED0F-AB86-46BC-A3B1-0D46E9BEC06F}.AppStore|x64.Deploy.0 = Release|x64
		{233CED0F-AB86-46BC-A3B1-0D46E9BEC06F}.AppStore|x86.ActiveCfg = Release|x86
		{233CED0F-AB86-46BC-A3B1-0D46E9BEC06F}.AppStore|x86.Build.0 = Release|x86
		{233CED0F-AB86-46BC-A3B1-0D46E9BEC06F}.AppStore|x86.Deploy.0 = Release|x86
		{233CED0F-AB86-46BC-A3B1-0D46E9BEC06F}.Debug|Any CPU.ActiveCfg = Debug|x86
		{233CED0F-AB86-46BC-A3B1-0D46E9BEC06F}.Debug|ARM.ActiveCfg = Debug|ARM
		{233CED0F-AB86-46BC-A3B1-0D46E9BEC06F}.Debug|ARM.Build.0 = Debug|ARM
		{233CED0F-AB86-46BC-A3B1-0D46E9BEC06F}.Debug|ARM.Deploy.0 = Debug|ARM
		{233CED0F-AB86-46BC-A3B1-0D46E9BEC06F}.Debug|iPhone.ActiveCfg = Debug|x86
		{233CED0F-AB86-46BC-A3B1-0D46E9BEC06F}.Debug|iPhoneSimulator.ActiveCfg = Debug|x86
		{233CED0F-AB86-46BC-A3B1-0D46E9BEC06F}.Debug|x64.ActiveCfg = Debug|x64
		{233CED0F-AB86-46BC-A3B1-0D46E9BEC06F}.Debug|x64.Build.0 = Debug|x64
		{233CED0F-AB86-46BC-A3B1-0D46E9BEC06F}.Debug|x64.Deploy.0 = Debug|x64
		{233CED0F-AB86-46BC-A3B1-0D46E9BEC06F}.Debug|x86.ActiveCfg = Debug|x86
		{233CED0F-AB86-46BC-A3B1-0D46E9BEC06F}.Debug|x86.Build.0 = Debug|x86
		{233CED0F-AB86-46BC-A3B1-0D46E9BEC06F}.Debug|x86.Deploy.0 = Debug|x86
		{233CED0F-AB86-46BC-A3B1-0D46E9BEC06F}.Release|Any CPU.ActiveCfg = Release|x86
		{233CED0F-AB86-46BC-A3B1-0D46E9BEC06F}.Release|ARM.ActiveCfg = Release|ARM
		{233CED0F-AB86-46BC-A3B1-0D46E9BEC06F}.Release|ARM.Build.0 = Release|ARM
		{233CED0F-AB86-46BC-A3B1-0D46E9BEC06F}.Release|ARM.Deploy.0 = Release|ARM
		{233CED0F-AB86-46BC-A3B1-0D46E9BEC06F}.Release|iPhone.ActiveCfg = Release|x86
		{233CED0F-AB86-46BC-A3B1-0D46E9BEC06F}.Release|iPhoneSimulator.ActiveCfg = Release|x86
		{233CED0F-AB86-46BC-A3B1-0D46E9BEC06F}.Release|x64.ActiveCfg = Release|x64
		{233CED0F-AB86-46BC-A3B1-0D46E9BEC06F}.Release|x64.Build.0 = Release|x64
		{233CED0F-AB86-46BC-A3B1-0D46E9BEC06F}.Release|x64.Deploy.0 = Release|x64
		{233CED0F-AB86-46BC-A3B1-0D46E9BEC06F}.Release|x86.ActiveCfg = Release|x86
		{233CED0F-AB86-46BC-A3B1-0D46E9BEC06F}.Release|x86.Build.0 = Release|x86
		{233CED0F-AB86-46BC-A3B1-0D46E9BEC06F}.Release|x86.Deploy.0 = Release|x86
	EndGlobalSection
	GlobalSection(SolutionProperties) = preSolution
		HideSolutionNode = FALSE
	EndGlobalSection
EndGlobal
